
Microsoft Visual Studio Solution File, Format Version 12.00
# Visual Studio Version 16
VisualStudioVersion = 16.0.30611.23
MinimumVisualStudioVersion = 10.0.40219.1
Project("{FAE04EC0-301F-11D3-BF4B-00C04F79EFBC}") = "CoffeeMachine", "CoffeeMachine\CoffeeMachine.csproj", "{7A5968C6-7182-409F-A223-09668AB671C5}"
EndProject
Global
	GlobalSection(SolutionConfigurationPlatforms) = preSolution
		Debug|Any CPU = Debug|Any CPU
		Release|Any CPU = Release|Any CPU
	EndGlobalSection
	GlobalSection(ProjectConfigurationPlatforms) = postSolution
		{7A5968C6-7182-409F-A223-09668AB671C5}.Debug|Any CPU.ActiveCfg = Debug|Any CPU
		{7A5968C6-7182-409F-A223-09668AB671C5}.Debug|Any CPU.Build.0 = Debug|Any CPU
		{7A5968C6-7182-409F-A223-09668AB671C5}.Release|Any CPU.ActiveCfg = Release|Any CPU
		{7A5968C6-7182-409F-A223-09668AB671C5}.Release|Any CPU.Build.0 = Release|Any CPU
	EndGlobalSection
	GlobalSection(SolutionProperties) = preSolution
		HideSolutionNode = FALSE
	EndGlobalSection
	GlobalSection(ExtensibilityGlobals) = postSolution
		SolutionGuid = {FA26B7B8-3980-4E38-A246-AC2D8C3D8A68}
	EndGlobalSection
EndGlobal
